
Microsoft Visual Studio Solution File, Format Version 12.00
# Visual Studio 15
Project("{FAE04EC0-301F-11D3-BF4B-00C04F79EFBC}") = "Assembly-CSharp", "Assembly-CSharp.csproj", "{61AF6CD9-0B2C-3A7B-39AD-8BC01F09A340}"
EndProject
Project("{FAE04EC0-301F-11D3-BF4B-00C04F79EFBC}") = "Assembly-CSharp-Editor", "Assembly-CSharp-Editor.csproj", "{5DBB0666-FE62-57A2-FE60-FDC4E050C2A6}"
EndProject
Global
	GlobalSection(SolutionConfigurationPlatforms) = preSolution
		Debug|Any CPU = Debug|Any CPU
		Release|Any CPU = Release|Any CPU
	EndGlobalSection
	GlobalSection(ProjectConfigurationPlatforms) = postSolution
		{61AF6CD9-0B2C-3A7B-39AD-8BC01F09A340}.Debug|Any CPU.ActiveCfg = Debug|Any CPU
		{61AF6CD9-0B2C-3A7B-39AD-8BC01F09A340}.Debug|Any CPU.Build.0 = Debug|Any CPU
		{61AF6CD9-0B2C-3A7B-39AD-8BC01F09A340}.Release|Any CPU.ActiveCfg = Release|Any CPU
		{61AF6CD9-0B2C-3A7B-39AD-8BC01F09A340}.Release|Any CPU.Build.0 = Release|Any CPU
		{5DBB0666-FE62-57A2-FE60-FDC4E050C2A6}.Debug|Any CPU.ActiveCfg = Debug|Any CPU
		{5DBB0666-FE62-57A2-FE60-FDC4E050C2A6}.Debug|Any CPU.Build.0 = Debug|Any CPU
		{5DBB0666-FE62-57A2-FE60-FDC4E050C2A6}.Release|Any CPU.ActiveCfg = Release|Any CPU
		{5DBB0666-FE62-57A2-FE60-FDC4E050C2A6}.Release|Any CPU.Build.0 = Release|Any CPU
	EndGlobalSection
	GlobalSection(SolutionProperties) = preSolution
		HideSolutionNode = FALSE
	EndGlobalSection
EndGlobal
